
Microsoft Visual Studio Solution File, Format Version 12.00
# Visual Studio Version 17
VisualStudioVersion = 17.5.33627.172
MinimumVisualStudioVersion = 10.0.40219.1
Project("{9A19103F-16F7-4668-BE54-9A1E7A4F7556}") = "ELearningApp", "ELearningApp\ELearningApp.csproj", "{450FD3D3-FFE3-433F-82E8-85952EA98917}"
EndProject
Project("{9A19103F-16F7-4668-BE54-9A1E7A4F7556}") = "ConnectToDB", "ConnectToDB\ConnectToDB.csproj", "{7A819D03-14CE-4577-BAB4-4DE0A3B14CB9}"
EndProject
Project("{9A19103F-16F7-4668-BE54-9A1E7A4F7556}") = "ELearningApp.Data", "ELearningApp.Data\ELearningApp.Data.csproj", "{B8A61525-E899-495E-8BF8-C91A52AC2974}"
EndProject
Project("{9A19103F-16F7-4668-BE54-9A1E7A4F7556}") = "ELearningApp.API", "ELearningApp.API\ELearningApp.API.csproj", "{81CECC3B-0388-4F84-B8E2-AC31BAB83EA1}"
EndProject
Project("{9A19103F-16F7-4668-BE54-9A1E7A4F7556}") = "ELearningApp.Core", "ELearningApp.Core\ELearningApp.Core.csproj", "{130D37D6-F976-4DF7-BAB3-56FC174A6890}"
EndProject
Project("{FAE04EC0-301F-11D3-BF4B-00C04F79EFBC}") = "ELearningApp.Migrations", "ELearningApp.Migrations\ELearningApp.Migrations.csproj", "{7E38FE06-5435-42DF-A937-C946052C20EB}"
EndProject
Project("{FAE04EC0-301F-11D3-BF4B-00C04F79EFBC}") = "ELearningAppReview", "ELearningAppReview\ELearningAppReview.csproj", "{FAB16AFC-259F-4DD0-AE3A-723D5CF044EB}"
EndProject
Global
	GlobalSection(SolutionConfigurationPlatforms) = preSolution
		Debug|Any CPU = Debug|Any CPU
		Release|Any CPU = Release|Any CPU
	EndGlobalSection
	GlobalSection(ProjectConfigurationPlatforms) = postSolution
		{450FD3D3-FFE3-433F-82E8-85952EA98917}.Debug|Any CPU.ActiveCfg = Debug|Any CPU
		{450FD3D3-FFE3-433F-82E8-85952EA98917}.Debug|Any CPU.Build.0 = Debug|Any CPU
		{450FD3D3-FFE3-433F-82E8-85952EA98917}.Release|Any CPU.ActiveCfg = Release|Any CPU
		{450FD3D3-FFE3-433F-82E8-85952EA98917}.Release|Any CPU.Build.0 = Release|Any CPU
		{7A819D03-14CE-4577-BAB4-4DE0A3B14CB9}.Debug|Any CPU.ActiveCfg = Debug|Any CPU
		{7A819D03-14CE-4577-BAB4-4DE0A3B14CB9}.Debug|Any CPU.Build.0 = Debug|Any CPU
		{7A819D03-14CE-4577-BAB4-4DE0A3B14CB9}.Release|Any CPU.ActiveCfg = Release|Any CPU
		{7A819D03-14CE-4577-BAB4-4DE0A3B14CB9}.Release|Any CPU.Build.0 = Release|Any CPU
		{B8A61525-E899-495E-8BF8-C91A52AC2974}.Debug|Any CPU.ActiveCfg = Debug|Any CPU
		{B8A61525-E899-495E-8BF8-C91A52AC2974}.Debug|Any CPU.Build.0 = Debug|Any CPU
		{B8A61525-E899-495E-8BF8-C91A52AC2974}.Release|Any CPU.ActiveCfg = Release|Any CPU
		{B8A61525-E899-495E-8BF8-C91A52AC2974}.Release|Any CPU.Build.0 = Release|Any CPU
		{81CECC3B-0388-4F84-B8E2-AC31BAB83EA1}.Debug|Any CPU.ActiveCfg = Debug|Any CPU
		{81CECC3B-0388-4F84-B8E2-AC31BAB83EA1}.Debug|Any CPU.Build.0 = Debug|Any CPU
		{81CECC3B-0388-4F84-B8E2-AC31BAB83EA1}.Release|Any CPU.ActiveCfg = Release|Any CPU
		{81CECC3B-0388-4F84-B8E2-AC31BAB83EA1}.Release|Any CPU.Build.0 = Release|Any CPU
		{130D37D6-F976-4DF7-BAB3-56FC174A6890}.Debug|Any CPU.ActiveCfg = Debug|Any CPU
		{130D37D6-F976-4DF7-BAB3-56FC174A6890}.Debug|Any CPU.Build.0 = Debug|Any CPU
		{130D37D6-F976-4DF7-BAB3-56FC174A6890}.Release|Any CPU.ActiveCfg = Release|Any CPU
		{130D37D6-F976-4DF7-BAB3-56FC174A6890}.Release|Any CPU.Build.0 = Release|Any CPU
		{7E38FE06-5435-42DF-A937-C946052C20EB}.Debug|Any CPU.ActiveCfg = Debug|Any CPU
		{7E38FE06-5435-42DF-A937-C946052C20EB}.Debug|Any CPU.Build.0 = Debug|Any CPU
		{7E38FE06-5435-42DF-A937-C946052C20EB}.Release|Any CPU.ActiveCfg = Release|Any CPU
		{7E38FE06-5435-42DF-A937-C946052C20EB}.Release|Any CPU.Build.0 = Release|Any CPU
		{FAB16AFC-259F-4DD0-AE3A-723D5CF044EB}.Debug|Any CPU.ActiveCfg = Debug|Any CPU
		{FAB16AFC-259F-4DD0-AE3A-723D5CF044EB}.Debug|Any CPU.Build.0 = Debug|Any CPU
		{FAB16AFC-259F-4DD0-AE3A-723D5CF044EB}.Release|Any CPU.ActiveCfg = Release|Any CPU
		{FAB16AFC-259F-4DD0-AE3A-723D5CF044EB}.Release|Any CPU.Build.0 = Release|Any CPU
	EndGlobalSection
	GlobalSection(SolutionProperties) = preSolution
		HideSolutionNode = FALSE
	EndGlobalSection
	GlobalSection(ExtensibilityGlobals) = postSolution
		SolutionGuid = {EF535477-81E8-4A07-978E-2BE65310B9F9}
	EndGlobalSection
EndGlobal
